// !$*UTF8*$!
{
	archiveVersion = 1;
	classes = {
	};
	objectVersion = 46;
	objects = {

/* Begin PBXBuildFile section */
		DD489F4018BC97F700CA8F8B /* Foundation.framework in Frameworks */ = {isa = PBXBuildFile; fileRef = DD489F3F18BC97F700CA8F8B /* Foundation.framework */; };
		DD489F4218BC97F700CA8F8B /* CoreGraphics.framework in Frameworks */ = {isa = PBXBuildFile; fileRef = DD489F4118BC97F700CA8F8B /* CoreGraphics.framework */; };
		DD489F4418BC97F700CA8F8B /* UIKit.framework in Frameworks */ = {isa = PBXBuildFile; fileRef = DD489F4318BC97F700CA8F8B /* UIKit.framework */; };
		DD489F4A18BC97F700CA8F8B /* InfoPlist.strings in Resources */ = {isa = PBXBuildFile; fileRef = DD489F4818BC97F700CA8F8B /* InfoPlist.strings */; };
		DD489F4C18BC97F700CA8F8B /* main.m in Sources */ = {isa = PBXBuildFile; fileRef = DD489F4B18BC97F700CA8F8B /* main.m */; };
		DD489F5018BC97F700CA8F8B /* AppDelegate.m in Sources */ = {isa = PBXBuildFile; fileRef = DD489F4F18BC97F700CA8F8B /* AppDelegate.m */; };
		DD489F5318BC97F700CA8F8B /* Main.storyboard in Resources */ = {isa = PBXBuildFile; fileRef = DD489F5118BC97F700CA8F8B /* Main.storyboard */; };
		DD489F5618BC97F700CA8F8B /* ViewController.mm in Sources */ = {isa = PBXBuildFile; fileRef = DD489F5518BC97F700CA8F8B /* ViewController.mm */; };
		DD489F5818BC97F700CA8F8B /* Images.xcassets in Resources */ = {isa = PBXBuildFile; fileRef = DD489F5718BC97F700CA8F8B /* Images.xcassets */; };
		DD489F5F18BC97F700CA8F8B /* XCTest.framework in Frameworks */ = {isa = PBXBuildFile; fileRef = DD489F5E18BC97F700CA8F8B /* XCTest.framework */; };
		DD489F6018BC97F700CA8F8B /* Foundation.framework in Frameworks */ = {isa = PBXBuildFile; fileRef = DD489F3F18BC97F700CA8F8B /* Foundation.framework */; };
		DD489F6118BC97F700CA8F8B /* UIKit.framework in Frameworks */ = {isa = PBXBuildFile; fileRef = DD489F4318BC97F700CA8F8B /* UIKit.framework */; };
		DD489F6918BC97F700CA8F8B /* InfoPlist.strings in Resources */ = {isa = PBXBuildFile; fileRef = DD489F6718BC97F700CA8F8B /* InfoPlist.strings */; };
		DD489F6B18BC97F700CA8F8B /* test3Tests.m in Sources */ = {isa = PBXBuildFile; fileRef = DD489F6A18BC97F700CA8F8B /* test3Tests.m */; };
		DD489F7518BC99F000CA8F8B /* Accelerate.framework in Frameworks */ = {isa = PBXBuildFile; fileRef = DD489F7418BC99F000CA8F8B /* Accelerate.framework */; };
		DD489F7718BC99F900CA8F8B /* AVFoundation.framework in Frameworks */ = {isa = PBXBuildFile; fileRef = DD489F7618BC99F900CA8F8B /* AVFoundation.framework */; };
		DD489F7918BC9A0200CA8F8B /* CFNetwork.framework in Frameworks */ = {isa = PBXBuildFile; fileRef = DD489F7818BC9A0200CA8F8B /* CFNetwork.framework */; };
		DD489F7B18BC9A1100CA8F8B /* CoreLocation.framework in Frameworks */ = {isa = PBXBuildFile; fileRef = DD489F7A18BC9A1100CA8F8B /* CoreLocation.framework */; };
		DD489F7D18BC9A1900CA8F8B /* CoreMedia.framework in Frameworks */ = {isa = PBXBuildFile; fileRef = DD489F7C18BC9A1900CA8F8B /* CoreMedia.framework */; };
		DD489F7F18BC9A2100CA8F8B /* CoreMotion.framework in Frameworks */ = {isa = PBXBuildFile; fileRef = DD489F7E18BC9A2100CA8F8B /* CoreMotion.framework */; };
		DD489F8118BC9A2B00CA8F8B /* CoreVideo.framework in Frameworks */ = {isa = PBXBuildFile; fileRef = DD489F8018BC9A2B00CA8F8B /* CoreVideo.framework */; };
		DD489F8318BC9A3B00CA8F8B /* libiconv.dylib in Frameworks */ = {isa = PBXBuildFile; fileRef = DD489F8218BC9A3B00CA8F8B /* libiconv.dylib */; };
		DD489F8518BC9A4400CA8F8B /* libsqlite3.dylib in Frameworks */ = {isa = PBXBuildFile; fileRef = DD489F8418BC9A4400CA8F8B /* libsqlite3.dylib */; };
		DD489F8718BC9A4B00CA8F8B /* libz.dylib in Frameworks */ = {isa = PBXBuildFile; fileRef = DD489F8618BC9A4B00CA8F8B /* libz.dylib */; };
		DD489F8918BC9A6200CA8F8B /* MobileCoreServices.framework in Frameworks */ = {isa = PBXBuildFile; fileRef = DD489F8818BC9A6200CA8F8B /* MobileCoreServices.framework */; };
		DD489F8B18BC9A7000CA8F8B /* SystemConfiguration.framework in Frameworks */ = {isa = PBXBuildFile; fileRef = DD489F8A18BC9A7000CA8F8B /* SystemConfiguration.framework */; };
		DD489F8D18BC9ABB00CA8F8B /* libzbar.a in Frameworks */ = {isa = PBXBuildFile; fileRef = DD489F8C18BC9ABB00CA8F8B /* libzbar.a */; };
		DD489F9518BC9AD400CA8F8B /* libRecognitionKernel_armv7.a in Frameworks */ = {isa = PBXBuildFile; fileRef = DD489F9018BC9AD400CA8F8B /* libRecognitionKernel_armv7.a */; };
		DD489F9618BC9AD400CA8F8B /* libRecognitionKernel_i386.a in Frameworks */ = {isa = PBXBuildFile; fileRef = DD489F9118BC9AD400CA8F8B /* libRecognitionKernel_i386.a */; };
/* End PBXBuildFile section */

/* Begin PBXContainerItemProxy section */
		DD489F6218BC97F700CA8F8B /* PBXContainerItemProxy */ = {
			isa = PBXContainerItemProxy;
			containerPortal = DD489F3418BC97F700CA8F8B /* Project object */;
			proxyType = 1;
			remoteGlobalIDString = DD489F3B18BC97F700CA8F8B;
			remoteInfo = test3;
		};
/* End PBXContainerItemProxy section */

/* Begin PBXFileReference section */
		DD489F3C18BC97F700CA8F8B /* test3.app */ = {isa = PBXFileReference; explicitFileType = wrapper.application; includeInIndex = 0; path = test3.app; sourceTree = BUILT_PRODUCTS_DIR; };
		DD489F3F18BC97F700CA8F8B /* Foundation.framework */ = {isa = PBXFileReference; lastKnownFileType = wrapper.framework; name = Foundation.framework; path = System/Library/Frameworks/Foundation.framework; sourceTree = SDKROOT; };
		DD489F4118BC97F700CA8F8B /* CoreGraphics.framework */ = {isa = PBXFileReference; lastKnownFileType = wrapper.framework; name = CoreGraphics.framework; path = System/Library/Frameworks/CoreGraphics.framework; sourceTree = SDKROOT; };
		DD489F4318BC97F700CA8F8B /* UIKit.framework */ = {isa = PBXFileReference; lastKnownFileType = wrapper.framework; name = UIKit.framework; path = System/Library/Frameworks/UIKit.framework; sourceTree = SDKROOT; };
		DD489F4718BC97F700CA8F8B /* test3-Info.plist */ = {isa = PBXFileReference; lastKnownFileType = text.plist.xml; path = "test3-Info.plist"; sourceTree = "<group>"; };
		DD489F4918BC97F700CA8F8B /* en */ = {isa = PBXFileReference; lastKnownFileType = text.plist.strings; name = en; path = en.lproj/InfoPlist.strings; sourceTree = "<group>"; };
		DD489F4B18BC97F700CA8F8B /* main.m */ = {isa = PBXFileReference; lastKnownFileType = sourcecode.c.objc; path = main.m; sourceTree = "<group>"; };
		DD489F4D18BC97F700CA8F8B /* test3-Prefix.pch */ = {isa = PBXFileReference; lastKnownFileType = sourcecode.c.h; path = "test3-Prefix.pch"; sourceTree = "<group>"; };
		DD489F4E18BC97F700CA8F8B /* AppDelegate.h */ = {isa = PBXFileReference; lastKnownFileType = sourcecode.c.h; path = AppDelegate.h; sourceTree = "<group>"; };
		DD489F4F18BC97F700CA8F8B /* AppDelegate.m */ = {isa = PBXFileReference; lastKnownFileType = sourcecode.c.objc; path = AppDelegate.m; sourceTree = "<group>"; };
		DD489F5218BC97F700CA8F8B /* Base */ = {isa = PBXFileReference; lastKnownFileType = file.storyboard; name = Base; path = Base.lproj/Main.storyboard; sourceTree = "<group>"; };
		DD489F5418BC97F700CA8F8B /* ViewController.h */ = {isa = PBXFileReference; lastKnownFileType = sourcecode.c.h; path = ViewController.h; sourceTree = "<group>"; };
		DD489F5518BC97F700CA8F8B /* ViewController.mm */ = {isa = PBXFileReference; lastKnownFileType = sourcecode.cpp.objcpp; path = ViewController.mm; sourceTree = "<group>"; };
		DD489F5718BC97F700CA8F8B /* Images.xcassets */ = {isa = PBXFileReference; lastKnownFileType = folder.assetcatalog; path = Images.xcassets; sourceTree = "<group>"; };
		DD489F5D18BC97F700CA8F8B /* test3Tests.xctest */ = {isa = PBXFileReference; explicitFileType = wrapper.cfbundle; includeInIndex = 0; path = test3Tests.xctest; sourceTree = BUILT_PRODUCTS_DIR; };
		DD489F5E18BC97F700CA8F8B /* XCTest.framework */ = {isa = PBXFileReference; lastKnownFileType = wrapper.framework; name = XCTest.framework; path = Library/Frameworks/XCTest.framework; sourceTree = DEVELOPER_DIR; };
		DD489F6618BC97F700CA8F8B /* test3Tests-Info.plist */ = {isa = PBXFileReference; lastKnownFileType = text.plist.xml; path = "test3Tests-Info.plist"; sourceTree = "<group>"; };
		DD489F6818BC97F700CA8F8B /* en */ = {isa = PBXFileReference; lastKnownFileType = text.plist.strings; name = en; path = en.lproj/InfoPlist.strings; sourceTree = "<group>"; };
		DD489F6A18BC97F700CA8F8B /* test3Tests.m */ = {isa = PBXFileReference; lastKnownFileType = sourcecode.c.objc; path = test3Tests.m; sourceTree = "<group>"; };
		DD489F7418BC99F000CA8F8B /* Accelerate.framework */ = {isa = PBXFileReference; lastKnownFileType = wrapper.framework; name = Accelerate.framework; path = System/Library/Frameworks/Accelerate.framework; sourceTree = SDKROOT; };
		DD489F7618BC99F900CA8F8B /* AVFoundation.framework */ = {isa = PBXFileReference; lastKnownFileType = wrapper.framework; name = AVFoundation.framework; path = System/Library/Frameworks/AVFoundation.framework; sourceTree = SDKROOT; };
		DD489F7818BC9A0200CA8F8B /* CFNetwork.framework */ = {isa = PBXFileReference; lastKnownFileType = wrapper.framework; name = CFNetwork.framework; path = System/Library/Frameworks/CFNetwork.framework; sourceTree = SDKROOT; };
		DD489F7A18BC9A1100CA8F8B /* CoreLocation.framework */ = {isa = PBXFileReference; lastKnownFileType = wrapper.framework; name = CoreLocation.framework; path = System/Library/Frameworks/CoreLocation.framework; sourceTree = SDKROOT; };
		DD489F7C18BC9A1900CA8F8B /* CoreMedia.framework */ = {isa = PBXFileReference; lastKnownFileType = wrapper.framework; name = CoreMedia.framework; path = System/Library/Frameworks/CoreMedia.framework; sourceTree = SDKROOT; };
		DD489F7E18BC9A2100CA8F8B /* CoreMotion.framework */ = {isa = PBXFileReference; lastKnownFileType = wrapper.framework; name = CoreMotion.framework; path = System/Library/Frameworks/CoreMotion.framework; sourceTree = SDKROOT; };
		DD489F8018BC9A2B00CA8F8B /* CoreVideo.framework */ = {isa = PBXFileReference; lastKnownFileType = wrapper.framework; name = CoreVideo.framework; path = System/Library/Frameworks/CoreVideo.framework; sourceTree = SDKROOT; };
		DD489F8218BC9A3B00CA8F8B /* libiconv.dylib */ = {isa = PBXFileReference; lastKnownFileType = "compiled.mach-o.dylib"; name = libiconv.dylib; path = usr/lib/libiconv.dylib; sourceTree = SDKROOT; };
		DD489F8418BC9A4400CA8F8B /* libsqlite3.dylib */ = {isa = PBXFileReference; lastKnownFileType = "compiled.mach-o.dylib"; name = libsqlite3.dylib; path = usr/lib/libsqlite3.dylib; sourceTree = SDKROOT; };
		DD489F8618BC9A4B00CA8F8B /* libz.dylib */ = {isa = PBXFileReference; lastKnownFileType = "compiled.mach-o.dylib"; name = libz.dylib; path = usr/lib/libz.dylib; sourceTree = SDKROOT; };
		DD489F8818BC9A6200CA8F8B /* MobileCoreServices.framework */ = {isa = PBXFileReference; lastKnownFileType = wrapper.framework; name = MobileCoreServices.framework; path = System/Library/Frameworks/MobileCoreServices.framework; sourceTree = SDKROOT; };
		DD489F8A18BC9A7000CA8F8B /* SystemConfiguration.framework */ = {isa = PBXFileReference; lastKnownFileType = wrapper.framework; name = SystemConfiguration.framework; path = System/Library/Frameworks/SystemConfiguration.framework; sourceTree = SDKROOT; };
		DD489F8C18BC9ABB00CA8F8B /* libzbar.a */ = {isa = PBXFileReference; lastKnownFileType = archive.ar; path = libzbar.a; sourceTree = "<group>"; };
		DD489F8E18BC9AD400CA8F8B /* CaptureViewController.h */ = {isa = PBXFileReference; fileEncoding = 4; lastKnownFileType = sourcecode.c.h; path = CaptureViewController.h; sourceTree = "<group>"; };
		DD489F8F18BC9AD400CA8F8B /* KernelDefinition.h */ = {isa = PBXFileReference; fileEncoding = 4; lastKnownFileType = sourcecode.c.h; path = KernelDefinition.h; sourceTree = "<group>"; };
		DD489F9018BC9AD400CA8F8B /* libRecognitionKernel_armv7.a */ = {isa = PBXFileReference; lastKnownFileType = archive.ar; path = libRecognitionKernel_armv7.a; sourceTree = "<group>"; };
		DD489F9118BC9AD400CA8F8B /* libRecognitionKernel_i386.a */ = {isa = PBXFileReference; lastKnownFileType = archive.ar; path = libRecognitionKernel_i386.a; sourceTree = "<group>"; };
		DD489F9218BC9AD400CA8F8B /* RecognitionKernel.h */ = {isa = PBXFileReference; fileEncoding = 4; lastKnownFileType = sourcecode.c.h; path = RecognitionKernel.h; sourceTree = "<group>"; };
		DD489F9318BC9AD400CA8F8B /* RecognitionResult.h */ = {isa = PBXFileReference; fileEncoding = 4; lastKnownFileType = sourcecode.c.h; path = RecognitionResult.h; sourceTree = "<group>"; };
		DD489F9418BC9AD400CA8F8B /* ScanViewController.h */ = {isa = PBXFileReference; fileEncoding = 4; lastKnownFileType = sourcecode.c.h; path = ScanViewController.h; sourceTree = "<group>"; };
/* End PBXFileReference section */

/* Begin PBXFrameworksBuildPhase section */
		DD489F3918BC97F700CA8F8B /* Frameworks */ = {
			isa = PBXFrameworksBuildPhase;
			buildActionMask = 2147483647;
			files = (
				DD489F8B18BC9A7000CA8F8B /* SystemConfiguration.framework in Frameworks */,
				DD489F8918BC9A6200CA8F8B /* MobileCoreServices.framework in Frameworks */,
				DD489F8718BC9A4B00CA8F8B /* libz.dylib in Frameworks */,
				DD489F8518BC9A4400CA8F8B /* libsqlite3.dylib in Frameworks */,
				DD489F8318BC9A3B00CA8F8B /* libiconv.dylib in Frameworks */,
				DD489F8118BC9A2B00CA8F8B /* CoreVideo.framework in Frameworks */,
				DD489F9618BC9AD400CA8F8B /* libRecognitionKernel_i386.a in Frameworks */,
				DD489F7F18BC9A2100CA8F8B /* CoreMotion.framework in Frameworks */,
				DD489F7D18BC9A1900CA8F8B /* CoreMedia.framework in Frameworks */,
				DD489F7B18BC9A1100CA8F8B /* CoreLocation.framework in Frameworks */,
				DD489F4218BC97F700CA8F8B /* CoreGraphics.framework in Frameworks */,
				DD489F9518BC9AD400CA8F8B /* libRecognitionKernel_armv7.a in Frameworks */,
				DD489F7918BC9A0200CA8F8B /* CFNetwork.framework in Frameworks */,
				DD489F7718BC99F900CA8F8B /* AVFoundation.framework in Frameworks */,
				DD489F7518BC99F000CA8F8B /* Accelerate.framework in Frameworks */,
				DD489F4418BC97F700CA8F8B /* UIKit.framework in Frameworks */,
				DD489F8D18BC9ABB00CA8F8B /* libzbar.a in Frameworks */,
				DD489F4018BC97F700CA8F8B /* Foundation.framework in Frameworks */,
			);
			runOnlyForDeploymentPostprocessing = 0;
		};
		DD489F5A18BC97F700CA8F8B /* Frameworks */ = {
			isa = PBXFrameworksBuildPhase;
			buildActionMask = 2147483647;
			files = (
				DD489F5F18BC97F700CA8F8B /* XCTest.framework in Frameworks */,
				DD489F6118BC97F700CA8F8B /* UIKit.framework in Frameworks */,
				DD489F6018BC97F700CA8F8B /* Foundation.framework in Frameworks */,
			);
			runOnlyForDeploymentPostprocessing = 0;
		};
/* End PBXFrameworksBuildPhase section */

/* Begin PBXGroup section */
		DD489F3318BC97F700CA8F8B = {
			isa = PBXGroup;
			children = (
				DD489F4518BC97F700CA8F8B /* test3 */,
				DD489F6418BC97F700CA8F8B /* test3Tests */,
				DD489F3E18BC97F700CA8F8B /* Frameworks */,
				DD489F3D18BC97F700CA8F8B /* Products */,
			);
			sourceTree = "<group>";
		};
		DD489F3D18BC97F700CA8F8B /* Products */ = {
			isa = PBXGroup;
			children = (
				DD489F3C18BC97F700CA8F8B /* test3.app */,
				DD489F5D18BC97F700CA8F8B /* test3Tests.xctest */,
			);
			name = Products;
			sourceTree = "<group>";
		};
		DD489F3E18BC97F700CA8F8B /* Frameworks */ = {
			isa = PBXGroup;
			children = (
				DD489F8A18BC9A7000CA8F8B /* SystemConfiguration.framework */,
				DD489F8818BC9A6200CA8F8B /* MobileCoreServices.framework */,
				DD489F8618BC9A4B00CA8F8B /* libz.dylib */,
				DD489F8418BC9A4400CA8F8B /* libsqlite3.dylib */,
				DD489F8218BC9A3B00CA8F8B /* libiconv.dylib */,
				DD489F8018BC9A2B00CA8F8B /* CoreVideo.framework */,
				DD489F7E18BC9A2100CA8F8B /* CoreMotion.framework */,
				DD489F7C18BC9A1900CA8F8B /* CoreMedia.framework */,
				DD489F7A18BC9A1100CA8F8B /* CoreLocation.framework */,
				DD489F7818BC9A0200CA8F8B /* CFNetwork.framework */,
				DD489F7618BC99F900CA8F8B /* AVFoundation.framework */,
				DD489F7418BC99F000CA8F8B /* Accelerate.framework */,
				DD489F3F18BC97F700CA8F8B /* Foundation.framework */,
				DD489F4118BC97F700CA8F8B /* CoreGraphics.framework */,
				DD489F4318BC97F700CA8F8B /* UIKit.framework */,
				DD489F5E18BC97F700CA8F8B /* XCTest.framework */,
			);
			name = Frameworks;
			sourceTree = "<group>";
		};
		DD489F4518BC97F700CA8F8B /* test3 */ = {
			isa = PBXGroup;
			children = (
				DD489F8E18BC9AD400CA8F8B /* CaptureViewController.h */,
				DD489F8F18BC9AD400CA8F8B /* KernelDefinition.h */,
				DD489F9018BC9AD400CA8F8B /* libRecognitionKernel_armv7.a */,
				DD489F9118BC9AD400CA8F8B /* libRecognitionKernel_i386.a */,
				DD489F9218BC9AD400CA8F8B /* RecognitionKernel.h */,
				DD489F9318BC9AD400CA8F8B /* RecognitionResult.h */,
				DD489F9418BC9AD400CA8F8B /* ScanViewController.h */,
				DD489F4E18BC97F700CA8F8B /* AppDelegate.h */,
				DD489F4F18BC97F700CA8F8B /* AppDelegate.m */,
				DD489F5118BC97F700CA8F8B /* Main.storyboard */,
				DD489F8C18BC9ABB00CA8F8B /* libzbar.a */,
				DD489F5418BC97F700CA8F8B /* ViewController.h */,
				DD489F5518BC97F700CA8F8B /* ViewController.mm */,
				DD489F5718BC97F700CA8F8B /* Images.xcassets */,
				DD489F4618BC97F700CA8F8B /* Supporting Files */,
			);
			path = test3;
			sourceTree = "<group>";
		};
		DD489F4618BC97F700CA8F8B /* Supporting Files */ = {
			isa = PBXGroup;
			children = (
				DD489F4718BC97F700CA8F8B /* test3-Info.plist */,
				DD489F4818BC97F700CA8F8B /* InfoPlist.strings */,
				DD489F4B18BC97F700CA8F8B /* main.m */,
				DD489F4D18BC97F700CA8F8B /* test3-Prefix.pch */,
			);
			name = "Supporting Files";
			sourceTree = "<group>";
		};
		DD489F6418BC97F700CA8F8B /* test3Tests */ = {
			isa = PBXGroup;
			children = (
				DD489F6A18BC97F700CA8F8B /* test3Tests.m */,
				DD489F6518BC97F700CA8F8B /* Supporting Files */,
			);
			path = test3Tests;
			sourceTree = "<group>";
		};
		DD489F6518BC97F700CA8F8B /* Supporting Files */ = {
			isa = PBXGroup;
			children = (
				DD489F6618BC97F700CA8F8B /* test3Tests-Info.plist */,
				DD489F6718BC97F700CA8F8B /* InfoPlist.strings */,
			);
			name = "Supporting Files";
			sourceTree = "<group>";
		};
/* End PBXGroup section */

/* Begin PBXNativeTarget section */
		DD489F3B18BC97F700CA8F8B /* test3 */ = {
			isa = PBXNativeTarget;
			buildConfigurationList = DD489F6E18BC97F700CA8F8B /* Build configuration list for PBXNativeTarget "test3" */;
			buildPhases = (
				DD489F3818BC97F700CA8F8B /* Sources */,
				DD489F3918BC97F700CA8F8B /* Frameworks */,
				DD489F3A18BC97F700CA8F8B /* Resources */,
			);
			buildRules = (
			);
			dependencies = (
			);
			name = test3;
			productName = test3;
			productReference = DD489F3C18BC97F700CA8F8B /* test3.app */;
			productType = "com.apple.product-type.application";
		};
		DD489F5C18BC97F700CA8F8B /* test3Tests */ = {
			isa = PBXNativeTarget;
			buildConfigurationList = DD489F7118BC97F700CA8F8B /* Build configuration list for PBXNativeTarget "test3Tests" */;
			buildPhases = (
				DD489F5918BC97F700CA8F8B /* Sources */,
				DD489F5A18BC97F700CA8F8B /* Frameworks */,
				DD489F5B18BC97F700CA8F8B /* Resources */,
			);
			buildRules = (
			);
			dependencies = (
				DD489F6318BC97F700CA8F8B /* PBXTargetDependency */,
			);
			name = test3Tests;
			productName = test3Tests;
			productReference = DD489F5D18BC97F700CA8F8B /* test3Tests.xctest */;
			productType = "com.apple.product-type.bundle.unit-test";
		};
/* End PBXNativeTarget section */

/* Begin PBXProject section */
		DD489F3418BC97F700CA8F8B /* Project object */ = {
			isa = PBXProject;
			attributes = {
				LastUpgradeCheck = 0500;
				ORGANIZATIONNAME = Funwish;
				TargetAttributes = {
					DD489F5C18BC97F700CA8F8B = {
						TestTargetID = DD489F3B18BC97F700CA8F8B;
					};
				};
			};
			buildConfigurationList = DD489F3718BC97F700CA8F8B /* Build configuration list for PBXProject "test3" */;
			compatibilityVersion = "Xcode 3.2";
			developmentRegion = English;
			hasScannedForEncodings = 0;
			knownRegions = (
				en,
				Base,
			);
			mainGroup = DD489F3318BC97F700CA8F8B;
			productRefGroup = DD489F3D18BC97F700CA8F8B /* Products */;
			projectDirPath = "";
			projectRoot = "";
			targets = (
				DD489F3B18BC97F700CA8F8B /* test3 */,
				DD489F5C18BC97F700CA8F8B /* test3Tests */,
			);
		};
/* End PBXProject section */

/* Begin PBXResourcesBuildPhase section */
		DD489F3A18BC97F700CA8F8B /* Resources */ = {
			isa = PBXResourcesBuildPhase;
			buildActionMask = 2147483647;
			files = (
				DD489F5818BC97F700CA8F8B /* Images.xcassets in Resources */,
				DD489F4A18BC97F700CA8F8B /* InfoPlist.strings in Resources */,
				DD489F5318BC97F700CA8F8B /* Main.storyboard in Resources */,
			);
			runOnlyForDeploymentPostprocessing = 0;
		};
		DD489F5B18BC97F700CA8F8B /* Resources */ = {
			isa = PBXResourcesBuildPhase;
			buildActionMask = 2147483647;
			files = (
				DD489F6918BC97F700CA8F8B /* InfoPlist.strings in Resources */,
			);
			runOnlyForDeploymentPostprocessing = 0;
		};
/* End PBXResourcesBuildPhase section */

/* Begin PBXSourcesBuildPhase section */
		DD489F3818BC97F700CA8F8B /* Sources */ = {
			isa = PBXSourcesBuildPhase;
			buildActionMask = 2147483647;
			files = (
				DD489F5618BC97F700CA8F8B /* ViewController.mm in Sources */,
				DD489F5018BC97F700CA8F8B /* AppDelegate.m in Sources */,
				DD489F4C18BC97F700CA8F8B /* main.m in Sources */,
			);
			runOnlyForDeploymentPostprocessing = 0;
		};
		DD489F5918BC97F700CA8F8B /* Sources */ = {
			isa = PBXSourcesBuildPhase;
			buildActionMask = 2147483647;
			files = (
				DD489F6B18BC97F700CA8F8B /* test3Tests.m in Sources */,
			);
			runOnlyForDeploymentPostprocessing = 0;
		};
/* End PBXSourcesBuildPhase section */

/* Begin PBXTargetDependency section */
		DD489F6318BC97F700CA8F8B /* PBXTargetDependency */ = {
			isa = PBXTargetDependency;
			target = DD489F3B18BC97F700CA8F8B /* test3 */;
			targetProxy = DD489F6218BC97F700CA8F8B /* PBXContainerItemProxy */;
		};
/* End PBXTargetDependency section */

/* Begin PBXVariantGroup section */
		DD489F4818BC97F700CA8F8B /* InfoPlist.strings */ = {
			isa = PBXVariantGroup;
			children = (
				DD489F4918BC97F700CA8F8B /* en */,
			);
			name = InfoPlist.strings;
			sourceTree = "<group>";
		};
		DD489F5118BC97F700CA8F8B /* Main.storyboard */ = {
			isa = PBXVariantGroup;
			children = (
				DD489F5218BC97F700CA8F8B /* Base */,
			);
			name = Main.storyboard;
			sourceTree = "<group>";
		};
		DD489F6718BC97F700CA8F8B /* InfoPlist.strings */ = {
			isa = PBXVariantGroup;
			children = (
				DD489F6818BC97F700CA8F8B /* en */,
			);
			name = InfoPlist.strings;
			sourceTree = "<group>";
		};
/* End PBXVariantGroup section */

/* Begin XCBuildConfiguration section */
		DD489F6C18BC97F700CA8F8B /* Debug */ = {
			isa = XCBuildConfiguration;
			buildSettings = {
				ALWAYS_SEARCH_USER_PATHS = NO;
				ARCHS = "$(ARCHS_STANDARD_INCLUDING_64_BIT)";
				CLANG_CXX_LANGUAGE_STANDARD = "gnu++0x";
				CLANG_CXX_LIBRARY = "libc++";
				CLANG_ENABLE_MODULES = YES;
				CLANG_ENABLE_OBJC_ARC = YES;
				CLANG_WARN_BOOL_CONVERSION = YES;
				CLANG_WARN_CONSTANT_CONVERSION = YES;
				CLANG_WARN_DIRECT_OBJC_ISA_USAGE = YES_ERROR;
				CLANG_WARN_EMPTY_BODY = YES;
				CLANG_WARN_ENUM_CONVERSION = YES;
				CLANG_WARN_INT_CONVERSION = YES;
				CLANG_WARN_OBJC_ROOT_CLASS = YES_ERROR;
				CLANG_WARN__DUPLICATE_METHOD_MATCH = YES;
				"CODE_SIGN_IDENTITY[sdk=iphoneos*]" = "iPhone Developer";
				COPY_PHASE_STRIP = NO;
				GCC_C_LANGUAGE_STANDARD = gnu99;
				GCC_DYNAMIC_NO_PIC = NO;
				GCC_OPTIMIZATION_LEVEL = 0;
				GCC_PREPROCESSOR_DEFINITIONS = (
					"DEBUG=1",
					"$(inherited)",
				);
				GCC_SYMBOLS_PRIVATE_EXTERN = NO;
				GCC_WARN_64_TO_32_BIT_CONVERSION = YES;
				GCC_WARN_ABOUT_RETURN_TYPE = YES_ERROR;
				GCC_WARN_UNDECLARED_SELECTOR = YES;
				GCC_WARN_UNINITIALIZED_AUTOS = YES;
				GCC_WARN_UNUSED_FUNCTION = YES;
				GCC_WARN_UNUSED_VARIABLE = YES;
				IPHONEOS_DEPLOYMENT_TARGET = 7.0;
				ONLY_ACTIVE_ARCH = YES;
				SDKROOT = iphoneos;
			};
			name = Debug;
		};
		DD489F6D18BC97F700CA8F8B /* Release */ = {
			isa = XCBuildConfiguration;
			buildSettings = {
				ALWAYS_SEARCH_USER_PATHS = NO;
				ARCHS = "$(ARCHS_STANDARD_INCLUDING_64_BIT)";
				CLANG_CXX_LANGUAGE_STANDARD = "gnu++0x";
				CLANG_CXX_LIBRARY = "libc++";
				CLANG_ENABLE_MODULES = YES;
				CLANG_ENABLE_OBJC_ARC = YES;
				CLANG_WARN_BOOL_CONVERSION = YES;
				CLANG_WARN_CONSTANT_CONVERSION = YES;
				CLANG_WARN_DIRECT_OBJC_ISA_USAGE = YES_ERROR;
				CLANG_WARN_EMPTY_BODY = YES;
				CLANG_WARN_ENUM_CONVERSION = YES;
				CLANG_WARN_INT_CONVERSION = YES;
				CLANG_WARN_OBJC_ROOT_CLASS = YES_ERROR;
				CLANG_WARN__DUPLICATE_METHOD_MATCH = YES;
				"CODE_SIGN_IDENTITY[sdk=iphoneos*]" = "iPhone Developer";
				COPY_PHASE_STRIP = YES;
				ENABLE_NS_ASSERTIONS = NO;
				GCC_C_LANGUAGE_STANDARD = gnu99;
				GCC_WARN_64_TO_32_BIT_CONVERSION = YES;
				GCC_WARN_ABOUT_RETURN_TYPE = YES_ERROR;
				GCC_WARN_UNDECLARED_SELECTOR = YES;
				GCC_WARN_UNINITIALIZED_AUTOS = YES;
				GCC_WARN_UNUSED_FUNCTION = YES;
				GCC_WARN_UNUSED_VARIABLE = YES;
				IPHONEOS_DEPLOYMENT_TARGET = 7.0;
				SDKROOT = iphoneos;
				VALIDATE_PRODUCT = YES;
			};
			name = Release;
		};
		DD489F6F18BC97F700CA8F8B /* Debug */ = {
			isa = XCBuildConfiguration;
			buildSettings = {
				ARCHS = "$(ARCHS_STANDARD)";
				ASSETCATALOG_COMPILER_APPICON_NAME = AppIcon;
				ASSETCATALOG_COMPILER_LAUNCHIMAGE_NAME = LaunchImage;
				CODE_SIGN_IDENTITY = "iPhone Developer: James chang (58GRVHA498)";
				GCC_PRECOMPILE_PREFIX_HEADER = YES;
				GCC_PREFIX_HEADER = "test3/test3-Prefix.pch";
				INFOPLIST_FILE = "test3/test3-Info.plist";
				IPHONEOS_DEPLOYMENT_TARGET = 6.0;
				LIBRARY_SEARCH_PATHS = (
					"$(inherited)",
					"/Users/Funwish/Documents/Develop/測試App/test3/test3",
				);
				PRODUCT_NAME = "$(TARGET_NAME)";
				PROVISIONING_PROFILE = "649F94AD-30B3-4AD0-B2B3-472C38B3BB84";
				VALID_ARCHS = "armv7 armv7s";
				WRAPPER_EXTENSION = app;
			};
			name = Debug;
		};
		DD489F7018BC97F700CA8F8B /* Release */ = {
			isa = XCBuildConfiguration;
			buildSettings = {
				ARCHS = "$(ARCHS_STANDARD)";
				ASSETCATALOG_COMPILER_APPICON_NAME = AppIcon;
				ASSETCATALOG_COMPILER_LAUNCHIMAGE_NAME = LaunchImage;
				CODE_SIGN_IDENTITY = "iPhone Developer: James chang (58GRVHA498)";
				GCC_PRECOMPILE_PREFIX_HEADER = YES;
				GCC_PREFIX_HEADER = "test3/test3-Prefix.pch";
				INFOPLIST_FILE = "test3/test3-Info.plist";
				IPHONEOS_DEPLOYMENT_TARGET = 6.0;
				LIBRARY_SEARCH_PATHS = (
					"$(inherited)",
					"/Users/Funwish/Documents/Develop/測試App/test3/test3",
				);
				PRODUCT_NAME = "$(TARGET_NAME)";
				PROVISIONING_PROFILE = "649F94AD-30B3-4AD0-B2B3-472C38B3BB84";
				VALID_ARCHS = "armv7 armv7s";
				WRAPPER_EXTENSION = app;
			};
			name = Release;
		};
		DD489F7218BC97F700CA8F8B /* Debug */ = {
			isa = XCBuildConfiguration;
			buildSettings = {
				ARCHS = "$(ARCHS_STANDARD_INCLUDING_64_BIT)";
				BUNDLE_LOADER = "$(BUILT_PRODUCTS_DIR)/test3.app/test3";
				FRAMEWORK_SEARCH_PATHS = (
					"$(SDKROOT)/Developer/Library/Frameworks",
					"$(inherited)",
					"$(DEVELOPER_FRAMEWORKS_DIR)",
				);
				GCC_PRECOMPILE_PREFIX_HEADER = YES;
				GCC_PREFIX_HEADER = "test3/test3-Prefix.pch";
				GCC_PREPROCESSOR_DEFINITIONS = (
					"DEBUG=1",
					"$(inherited)",
				);
				INFOPLIST_FILE = "test3Tests/test3Tests-Info.plist";
				PRODUCT_NAME = "$(TARGET_NAME)";
				TEST_HOST = "$(BUNDLE_LOADER)";
				WRAPPER_EXTENSION = xctest;
			};
			name = Debug;
		};
		DD489F7318BC97F700CA8F8B /* Release */ = {
			isa = XCBuildConfiguration;
			buildSettings = {
				ARCHS = "$(ARCHS_STANDARD_INCLUDING_64_BIT)";
				BUNDLE_LOADER = "$(BUILT_PRODUCTS_DIR)/test3.app/test3";
				FRAMEWORK_SEARCH_PATHS = (
					"$(SDKROOT)/Developer/Library/Frameworks",
					"$(inherited)",
					"$(DEVELOPER_FRAMEWORKS_DIR)",
				);
				GCC_PRECOMPILE_PREFIX_HEADER = YES;
				GCC_PREFIX_HEADER = "test3/test3-Prefix.pch";
				INFOPLIST_FILE = "test3Tests/test3Tests-Info.plist";
				PRODUCT_NAME = "$(TARGET_NAME)";
				TEST_HOST = "$(BUNDLE_LOADER)";
				WRAPPER_EXTENSION = xctest;
			};
			name = Release;
		};
/* End XCBuildConfiguration section */

/* Begin XCConfigurationList section */
		DD489F3718BC97F700CA8F8B /* Build configuration list for PBXProject "test3" */ = {
			isa = XCConfigurationList;
			buildConfigurations = (
				DD489F6C18BC97F700CA8F8B /* Debug */,
				DD489F6D18BC97F700CA8F8B /* Release */,
			);
			defaultConfigurationIsVisible = 0;
			defaultConfigurationName = Release;
		};
		DD489F6E18BC97F700CA8F8B /* Build configuration list for PBXNativeTarget "test3" */ = {
			isa = XCConfigurationList;
			buildConfigurations = (
				DD489F6F18BC97F700CA8F8B /* Debug */,
				DD489F7018BC97F700CA8F8B /* Release */,
			);
			defaultConfigurationIsVisible = 0;
			defaultConfigurationName = Release;
		};
		DD489F7118BC97F700CA8F8B /* Build configuration list for PBXNativeTarget "test3Tests" */ = {
			isa = XCConfigurationList;
			buildConfigurations = (
				DD489F7218BC97F700CA8F8B /* Debug */,
				DD489F7318BC97F700CA8F8B /* Release */,
			);
			defaultConfigurationIsVisible = 0;
			defaultConfigurationName = Release;
		};
/* End XCConfigurationList section */
	};
	rootObject = DD489F3418BC97F700CA8F8B /* Project object */;
}
